// !$*UTF8*$!
{
	archiveVersion = 1;
	classes = {
	};
	objectVersion = 56;
	objects = {

/* Begin PBXBuildFile section */
		9669E9FF2A6F0963006382AB /* AppDelegate.swift in Sources */ = {isa = PBXBuildFile; fileRef = 9669E9FE2A6F0963006382AB /* AppDelegate.swift */; };
		9669EA012A6F0963006382AB /* SceneDelegate.swift in Sources */ = {isa = PBXBuildFile; fileRef = 9669EA002A6F0963006382AB /* SceneDelegate.swift */; };
		9669EA082A6F0964006382AB /* Assets.xcassets in Resources */ = {isa = PBXBuildFile; fileRef = 9669EA072A6F0964006382AB /* Assets.xcassets */; };
		9669EA0B2A6F0964006382AB /* LaunchScreen.storyboard in Resources */ = {isa = PBXBuildFile; fileRef = 9669EA092A6F0964006382AB /* LaunchScreen.storyboard */; };
		9669EA162A6F0965006382AB /* TMDBTests.swift in Sources */ = {isa = PBXBuildFile; fileRef = 9669EA152A6F0965006382AB /* TMDBTests.swift */; };
		9669EA202A6F0965006382AB /* TMDBUITests.swift in Sources */ = {isa = PBXBuildFile; fileRef = 9669EA1F2A6F0965006382AB /* TMDBUITests.swift */; };
		9669EA222A6F0965006382AB /* TMDBUITestsLaunchTests.swift in Sources */ = {isa = PBXBuildFile; fileRef = 9669EA212A6F0965006382AB /* TMDBUITestsLaunchTests.swift */; };
		9669EA312A6FF4E0006382AB /* Coordinator.swift in Sources */ = {isa = PBXBuildFile; fileRef = 9669EA302A6FF4E0006382AB /* Coordinator.swift */; };
		9669EA332A6FFDC7006382AB /* PresentationStyle.swift in Sources */ = {isa = PBXBuildFile; fileRef = 9669EA322A6FFDC7006382AB /* PresentationStyle.swift */; };
		9669EA352A6FFE30006382AB /* MovieListCoordinator.swift in Sources */ = {isa = PBXBuildFile; fileRef = 9669EA342A6FFE30006382AB /* MovieListCoordinator.swift */; };
		9669EA382A6FFE71006382AB /* MovieListViewModel.swift in Sources */ = {isa = PBXBuildFile; fileRef = 9669EA372A6FFE71006382AB /* MovieListViewModel.swift */; };
		9669EA3B2A6FFF58006382AB /* MovieListViewController.swift in Sources */ = {isa = PBXBuildFile; fileRef = 9669EA3A2A6FFF58006382AB /* MovieListViewController.swift */; };
		9669EA3E2A700C9F006382AB /* Strings.swift in Sources */ = {isa = PBXBuildFile; fileRef = 9669EA3D2A700C9F006382AB /* Strings.swift */; };
		9669EA412A7029AA006382AB /* Movie.swift in Sources */ = {isa = PBXBuildFile; fileRef = 9669EA402A7029AA006382AB /* Movie.swift */; };
		9669EA442A7043D0006382AB /* NetworkManager.swift in Sources */ = {isa = PBXBuildFile; fileRef = 9669EA432A7043D0006382AB /* NetworkManager.swift */; };
		9669EA472A7054E7006382AB /* TMDBDependencyContainer.swift in Sources */ = {isa = PBXBuildFile; fileRef = 9669EA462A7054E7006382AB /* TMDBDependencyContainer.swift */; };
		9669EA4A2A7069A0006382AB /* MovieListCell.swift in Sources */ = {isa = PBXBuildFile; fileRef = 9669EA492A7069A0006382AB /* MovieListCell.swift */; };
		9669EA4D2A706D71006382AB /* UIView+Extensions.swift in Sources */ = {isa = PBXBuildFile; fileRef = 9669EA4C2A706D71006382AB /* UIView+Extensions.swift */; };
		9669EA4F2A7150EF006382AB /* DeveloperStrings.swift in Sources */ = {isa = PBXBuildFile; fileRef = 9669EA4E2A7150EF006382AB /* DeveloperStrings.swift */; };
		9669EA532A71B8C5006382AB /* MovieDetailCoordinator.swift in Sources */ = {isa = PBXBuildFile; fileRef = 9669EA522A71B8C5006382AB /* MovieDetailCoordinator.swift */; };
		9669EA552A71BB89006382AB /* MovieDetailViewController.swift in Sources */ = {isa = PBXBuildFile; fileRef = 9669EA542A71BB89006382AB /* MovieDetailViewController.swift */; };
		9669EA572A71BBDE006382AB /* MovieDetailViewModel.swift in Sources */ = {isa = PBXBuildFile; fileRef = 9669EA562A71BBDE006382AB /* MovieDetailViewModel.swift */; };
/* End PBXBuildFile section */

/* Begin PBXContainerItemProxy section */
		9669EA122A6F0965006382AB /* PBXContainerItemProxy */ = {
			isa = PBXContainerItemProxy;
			containerPortal = 9669E9F32A6F0963006382AB /* Project object */;
			proxyType = 1;
			remoteGlobalIDString = 9669E9FA2A6F0963006382AB;
			remoteInfo = TMDB;
		};
		9669EA1C2A6F0965006382AB /* PBXContainerItemProxy */ = {
			isa = PBXContainerItemProxy;
			containerPortal = 9669E9F32A6F0963006382AB /* Project object */;
			proxyType = 1;
			remoteGlobalIDString = 9669E9FA2A6F0963006382AB;
			remoteInfo = TMDB;
		};
/* End PBXContainerItemProxy section */

/* Begin PBXFileReference section */
		9669E9FB2A6F0963006382AB /* TMDB.app */ = {isa = PBXFileReference; explicitFileType = wrapper.application; includeInIndex = 0; path = TMDB.app; sourceTree = BUILT_PRODUCTS_DIR; };
		9669E9FE2A6F0963006382AB /* AppDelegate.swift */ = {isa = PBXFileReference; lastKnownFileType = sourcecode.swift; path = AppDelegate.swift; sourceTree = "<group>"; };
		9669EA002A6F0963006382AB /* SceneDelegate.swift */ = {isa = PBXFileReference; lastKnownFileType = sourcecode.swift; path = SceneDelegate.swift; sourceTree = "<group>"; };
		9669EA072A6F0964006382AB /* Assets.xcassets */ = {isa = PBXFileReference; lastKnownFileType = folder.assetcatalog; path = Assets.xcassets; sourceTree = "<group>"; };
		9669EA0A2A6F0964006382AB /* Base */ = {isa = PBXFileReference; lastKnownFileType = file.storyboard; name = Base; path = Base.lproj/LaunchScreen.storyboard; sourceTree = "<group>"; };
		9669EA0C2A6F0964006382AB /* Info.plist */ = {isa = PBXFileReference; lastKnownFileType = text.plist.xml; path = Info.plist; sourceTree = "<group>"; };
		9669EA112A6F0965006382AB /* TMDBTests.xctest */ = {isa = PBXFileReference; explicitFileType = wrapper.cfbundle; includeInIndex = 0; path = TMDBTests.xctest; sourceTree = BUILT_PRODUCTS_DIR; };
		9669EA152A6F0965006382AB /* TMDBTests.swift */ = {isa = PBXFileReference; lastKnownFileType = sourcecode.swift; path = TMDBTests.swift; sourceTree = "<group>"; };
		9669EA1B2A6F0965006382AB /* TMDBUITests.xctest */ = {isa = PBXFileReference; explicitFileType = wrapper.cfbundle; includeInIndex = 0; path = TMDBUITests.xctest; sourceTree = BUILT_PRODUCTS_DIR; };
		9669EA1F2A6F0965006382AB /* TMDBUITests.swift */ = {isa = PBXFileReference; lastKnownFileType = sourcecode.swift; path = TMDBUITests.swift; sourceTree = "<group>"; };
		9669EA212A6F0965006382AB /* TMDBUITestsLaunchTests.swift */ = {isa = PBXFileReference; lastKnownFileType = sourcecode.swift; path = TMDBUITestsLaunchTests.swift; sourceTree = "<group>"; };
		9669EA302A6FF4E0006382AB /* Coordinator.swift */ = {isa = PBXFileReference; lastKnownFileType = sourcecode.swift; path = Coordinator.swift; sourceTree = "<group>"; };
		9669EA322A6FFDC7006382AB /* PresentationStyle.swift */ = {isa = PBXFileReference; lastKnownFileType = sourcecode.swift; path = PresentationStyle.swift; sourceTree = "<group>"; };
		9669EA342A6FFE30006382AB /* MovieListCoordinator.swift */ = {isa = PBXFileReference; lastKnownFileType = sourcecode.swift; path = MovieListCoordinator.swift; sourceTree = "<group>"; };
		9669EA372A6FFE71006382AB /* MovieListViewModel.swift */ = {isa = PBXFileReference; lastKnownFileType = sourcecode.swift; path = MovieListViewModel.swift; sourceTree = "<group>"; };
		9669EA3A2A6FFF58006382AB /* MovieListViewController.swift */ = {isa = PBXFileReference; lastKnownFileType = sourcecode.swift; path = MovieListViewController.swift; sourceTree = "<group>"; };
		9669EA3D2A700C9F006382AB /* Strings.swift */ = {isa = PBXFileReference; lastKnownFileType = sourcecode.swift; path = Strings.swift; sourceTree = "<group>"; };
		9669EA402A7029AA006382AB /* Movie.swift */ = {isa = PBXFileReference; lastKnownFileType = sourcecode.swift; path = Movie.swift; sourceTree = "<group>"; };
		9669EA432A7043D0006382AB /* NetworkManager.swift */ = {isa = PBXFileReference; lastKnownFileType = sourcecode.swift; path = NetworkManager.swift; sourceTree = "<group>"; };
		9669EA462A7054E7006382AB /* TMDBDependencyContainer.swift */ = {isa = PBXFileReference; lastKnownFileType = sourcecode.swift; path = TMDBDependencyContainer.swift; sourceTree = "<group>"; };
		9669EA492A7069A0006382AB /* MovieListCell.swift */ = {isa = PBXFileReference; lastKnownFileType = sourcecode.swift; path = MovieListCell.swift; sourceTree = "<group>"; };
		9669EA4C2A706D71006382AB /* UIView+Extensions.swift */ = {isa = PBXFileReference; lastKnownFileType = sourcecode.swift; path = "UIView+Extensions.swift"; sourceTree = "<group>"; };
		9669EA4E2A7150EF006382AB /* DeveloperStrings.swift */ = {isa = PBXFileReference; lastKnownFileType = sourcecode.swift; path = DeveloperStrings.swift; sourceTree = "<group>"; };
		9669EA522A71B8C5006382AB /* MovieDetailCoordinator.swift */ = {isa = PBXFileReference; lastKnownFileType = sourcecode.swift; path = MovieDetailCoordinator.swift; sourceTree = "<group>"; };
		9669EA542A71BB89006382AB /* MovieDetailViewController.swift */ = {isa = PBXFileReference; lastKnownFileType = sourcecode.swift; path = MovieDetailViewController.swift; sourceTree = "<group>"; };
		9669EA562A71BBDE006382AB /* MovieDetailViewModel.swift */ = {isa = PBXFileReference; lastKnownFileType = sourcecode.swift; path = MovieDetailViewModel.swift; sourceTree = "<group>"; };
/* End PBXFileReference section */

/* Begin PBXFrameworksBuildPhase section */
		9669E9F82A6F0963006382AB /* Frameworks */ = {
			isa = PBXFrameworksBuildPhase;
			buildActionMask = 2147483647;
			files = (
			);
			runOnlyForDeploymentPostprocessing = 0;
		};
		9669EA0E2A6F0965006382AB /* Frameworks */ = {
			isa = PBXFrameworksBuildPhase;
			buildActionMask = 2147483647;
			files = (
			);
			runOnlyForDeploymentPostprocessing = 0;
		};
		9669EA182A6F0965006382AB /* Frameworks */ = {
			isa = PBXFrameworksBuildPhase;
			buildActionMask = 2147483647;
			files = (
			);
			runOnlyForDeploymentPostprocessing = 0;
		};
/* End PBXFrameworksBuildPhase section */

/* Begin PBXGroup section */
		9669E9F22A6F0963006382AB = {
			isa = PBXGroup;
			children = (
				9669E9FD2A6F0963006382AB /* TMDB */,
				9669EA142A6F0965006382AB /* TMDBTests */,
				9669EA1E2A6F0965006382AB /* TMDBUITests */,
				9669E9FC2A6F0963006382AB /* Products */,
			);
			sourceTree = "<group>";
		};
		9669E9FC2A6F0963006382AB /* Products */ = {
			isa = PBXGroup;
			children = (
				9669E9FB2A6F0963006382AB /* TMDB.app */,
				9669EA112A6F0965006382AB /* TMDBTests.xctest */,
				9669EA1B2A6F0965006382AB /* TMDBUITests.xctest */,
			);
			name = Products;
			sourceTree = "<group>";
		};
		9669E9FD2A6F0963006382AB /* TMDB */ = {
			isa = PBXGroup;
			children = (
				9669EA4B2A706D65006382AB /* Extensions */,
				9669EA482A706994006382AB /* Components */,
				9669EA452A705411006382AB /* Dependencies */,
				9669EA422A7043C4006382AB /* Utilities */,
				9669EA3F2A702825006382AB /* Models */,
				9669EA3C2A700C7E006382AB /* Constants */,
				9669EA392A6FFF46006382AB /* Screens */,
				9669EA362A6FFE63006382AB /* ViewModels */,
				9669EA2E2A6FF49D006382AB /* Coordinators */,
				9669E9FE2A6F0963006382AB /* AppDelegate.swift */,
				9669EA002A6F0963006382AB /* SceneDelegate.swift */,
				9669EA072A6F0964006382AB /* Assets.xcassets */,
				9669EA092A6F0964006382AB /* LaunchScreen.storyboard */,
				9669EA0C2A6F0964006382AB /* Info.plist */,
			);
			path = TMDB;
			sourceTree = "<group>";
		};
		9669EA142A6F0965006382AB /* TMDBTests */ = {
			isa = PBXGroup;
			children = (
				9669EA152A6F0965006382AB /* TMDBTests.swift */,
			);
			path = TMDBTests;
			sourceTree = "<group>";
		};
		9669EA1E2A6F0965006382AB /* TMDBUITests */ = {
			isa = PBXGroup;
			children = (
				9669EA1F2A6F0965006382AB /* TMDBUITests.swift */,
				9669EA212A6F0965006382AB /* TMDBUITestsLaunchTests.swift */,
			);
			path = TMDBUITests;
			sourceTree = "<group>";
		};
		9669EA2E2A6FF49D006382AB /* Coordinators */ = {
			isa = PBXGroup;
			children = (
				9669EA2F2A6FF4A5006382AB /* Common */,
				9669EA342A6FFE30006382AB /* MovieListCoordinator.swift */,
				9669EA522A71B8C5006382AB /* MovieDetailCoordinator.swift */,
			);
			path = Coordinators;
			sourceTree = "<group>";
		};
		9669EA2F2A6FF4A5006382AB /* Common */ = {
			isa = PBXGroup;
			children = (
				9669EA302A6FF4E0006382AB /* Coordinator.swift */,
				9669EA322A6FFDC7006382AB /* PresentationStyle.swift */,
			);
			path = Common;
			sourceTree = "<group>";
		};
		9669EA362A6FFE63006382AB /* ViewModels */ = {
			isa = PBXGroup;
			children = (
				9669EA372A6FFE71006382AB /* MovieListViewModel.swift */,
				9669EA562A71BBDE006382AB /* MovieDetailViewModel.swift */,
			);
			path = ViewModels;
			sourceTree = "<group>";
		};
		9669EA392A6FFF46006382AB /* Screens */ = {
			isa = PBXGroup;
			children = (
				9669EA3A2A6FFF58006382AB /* MovieListViewController.swift */,
				9669EA542A71BB89006382AB /* MovieDetailViewController.swift */,
			);
			path = Screens;
			sourceTree = "<group>";
		};
		9669EA3C2A700C7E006382AB /* Constants */ = {
			isa = PBXGroup;
			children = (
				9669EA3D2A700C9F006382AB /* Strings.swift */,
				9669EA4E2A7150EF006382AB /* DeveloperStrings.swift */,
			);
			path = Constants;
			sourceTree = "<group>";
		};
		9669EA3F2A702825006382AB /* Models */ = {
			isa = PBXGroup;
			children = (
				9669EA402A7029AA006382AB /* Movie.swift */,
			);
			path = Models;
			sourceTree = "<group>";
		};
		9669EA422A7043C4006382AB /* Utilities */ = {
			isa = PBXGroup;
			children = (
				9669EA432A7043D0006382AB /* NetworkManager.swift */,
			);
			path = Utilities;
			sourceTree = "<group>";
		};
		9669EA452A705411006382AB /* Dependencies */ = {
			isa = PBXGroup;
			children = (
				9669EA462A7054E7006382AB /* TMDBDependencyContainer.swift */,
			);
			path = Dependencies;
			sourceTree = "<group>";
		};
		9669EA482A706994006382AB /* Components */ = {
			isa = PBXGroup;
			children = (
				9669EA492A7069A0006382AB /* MovieListCell.swift */,
			);
			path = Components;
			sourceTree = "<group>";
		};
		9669EA4B2A706D65006382AB /* Extensions */ = {
			isa = PBXGroup;
			children = (
				9669EA4C2A706D71006382AB /* UIView+Extensions.swift */,
			);
			path = Extensions;
			sourceTree = "<group>";
		};
/* End PBXGroup section */

/* Begin PBXNativeTarget section */
		9669E9FA2A6F0963006382AB /* TMDB */ = {
			isa = PBXNativeTarget;
			buildConfigurationList = 9669EA252A6F0965006382AB /* Build configuration list for PBXNativeTarget "TMDB" */;
			buildPhases = (
				9669E9F72A6F0963006382AB /* Sources */,
				9669E9F82A6F0963006382AB /* Frameworks */,
				9669E9F92A6F0963006382AB /* Resources */,
			);
			buildRules = (
			);
			dependencies = (
			);
			name = TMDB;
			productName = TMDB;
			productReference = 9669E9FB2A6F0963006382AB /* TMDB.app */;
			productType = "com.apple.product-type.application";
		};
		9669EA102A6F0965006382AB /* TMDBTests */ = {
			isa = PBXNativeTarget;
			buildConfigurationList = 9669EA282A6F0965006382AB /* Build configuration list for PBXNativeTarget "TMDBTests" */;
			buildPhases = (
				9669EA0D2A6F0965006382AB /* Sources */,
				9669EA0E2A6F0965006382AB /* Frameworks */,
				9669EA0F2A6F0965006382AB /* Resources */,
			);
			buildRules = (
			);
			dependencies = (
				9669EA132A6F0965006382AB /* PBXTargetDependency */,
			);
			name = TMDBTests;
			productName = TMDBTests;
			productReference = 9669EA112A6F0965006382AB /* TMDBTests.xctest */;
			productType = "com.apple.product-type.bundle.unit-test";
		};
		9669EA1A2A6F0965006382AB /* TMDBUITests */ = {
			isa = PBXNativeTarget;
			buildConfigurationList = 9669EA2B2A6F0965006382AB /* Build configuration list for PBXNativeTarget "TMDBUITests" */;
			buildPhases = (
				9669EA172A6F0965006382AB /* Sources */,
				9669EA182A6F0965006382AB /* Frameworks */,
				9669EA192A6F0965006382AB /* Resources */,
			);
			buildRules = (
			);
			dependencies = (
				9669EA1D2A6F0965006382AB /* PBXTargetDependency */,
			);
			name = TMDBUITests;
			productName = TMDBUITests;
			productReference = 9669EA1B2A6F0965006382AB /* TMDBUITests.xctest */;
			productType = "com.apple.product-type.bundle.ui-testing";
		};
/* End PBXNativeTarget section */

/* Begin PBXProject section */
		9669E9F32A6F0963006382AB /* Project object */ = {
			isa = PBXProject;
			attributes = {
				BuildIndependentTargetsInParallel = 1;
				LastSwiftUpdateCheck = 1430;
				LastUpgradeCheck = 1430;
				TargetAttributes = {
					9669E9FA2A6F0963006382AB = {
						CreatedOnToolsVersion = 14.3;
					};
					9669EA102A6F0965006382AB = {
						CreatedOnToolsVersion = 14.3;
						TestTargetID = 9669E9FA2A6F0963006382AB;
					};
					9669EA1A2A6F0965006382AB = {
						CreatedOnToolsVersion = 14.3;
						TestTargetID = 9669E9FA2A6F0963006382AB;
					};
				};
			};
			buildConfigurationList = 9669E9F62A6F0963006382AB /* Build configuration list for PBXProject "TMDB" */;
			compatibilityVersion = "Xcode 14.0";
			developmentRegion = en;
			hasScannedForEncodings = 0;
			knownRegions = (
				en,
				Base,
			);
			mainGroup = 9669E9F22A6F0963006382AB;
			productRefGroup = 9669E9FC2A6F0963006382AB /* Products */;
			projectDirPath = "";
			projectRoot = "";
			targets = (
				9669E9FA2A6F0963006382AB /* TMDB */,
				9669EA102A6F0965006382AB /* TMDBTests */,
				9669EA1A2A6F0965006382AB /* TMDBUITests */,
			);
		};
/* End PBXProject section */

/* Begin PBXResourcesBuildPhase section */
		9669E9F92A6F0963006382AB /* Resources */ = {
			isa = PBXResourcesBuildPhase;
			buildActionMask = 2147483647;
			files = (
				9669EA0B2A6F0964006382AB /* LaunchScreen.storyboard in Resources */,
				9669EA082A6F0964006382AB /* Assets.xcassets in Resources */,
			);
			runOnlyForDeploymentPostprocessing = 0;
		};
		9669EA0F2A6F0965006382AB /* Resources */ = {
			isa = PBXResourcesBuildPhase;
			buildActionMask = 2147483647;
			files = (
			);
			runOnlyForDeploymentPostprocessing = 0;
		};
		9669EA192A6F0965006382AB /* Resources */ = {
			isa = PBXResourcesBuildPhase;
			buildActionMask = 2147483647;
			files = (
			);
			runOnlyForDeploymentPostprocessing = 0;
		};
/* End PBXResourcesBuildPhase section */

/* Begin PBXSourcesBuildPhase section */
		9669E9F72A6F0963006382AB /* Sources */ = {
			isa = PBXSourcesBuildPhase;
			buildActionMask = 2147483647;
			files = (
				9669EA312A6FF4E0006382AB /* Coordinator.swift in Sources */,
				9669EA332A6FFDC7006382AB /* PresentationStyle.swift in Sources */,
				9669EA4A2A7069A0006382AB /* MovieListCell.swift in Sources */,
				9669EA442A7043D0006382AB /* NetworkManager.swift in Sources */,
				9669EA412A7029AA006382AB /* Movie.swift in Sources */,
				9669EA4F2A7150EF006382AB /* DeveloperStrings.swift in Sources */,
				9669EA4D2A706D71006382AB /* UIView+Extensions.swift in Sources */,
				9669EA3E2A700C9F006382AB /* Strings.swift in Sources */,
				9669EA3B2A6FFF58006382AB /* MovieListViewController.swift in Sources */,
				9669EA532A71B8C5006382AB /* MovieDetailCoordinator.swift in Sources */,
				9669EA382A6FFE71006382AB /* MovieListViewModel.swift in Sources */,
				9669E9FF2A6F0963006382AB /* AppDelegate.swift in Sources */,
				9669EA552A71BB89006382AB /* MovieDetailViewController.swift in Sources */,
				9669EA472A7054E7006382AB /* TMDBDependencyContainer.swift in Sources */,
				9669EA572A71BBDE006382AB /* MovieDetailViewModel.swift in Sources */,
				9669EA012A6F0963006382AB /* SceneDelegate.swift in Sources */,
				9669EA352A6FFE30006382AB /* MovieListCoordinator.swift in Sources */,
			);
			runOnlyForDeploymentPostprocessing = 0;
		};
		9669EA0D2A6F0965006382AB /* Sources */ = {
			isa = PBXSourcesBuildPhase;
			buildActionMask = 2147483647;
			files = (
				9669EA162A6F0965006382AB /* TMDBTests.swift in Sources */,
			);
			runOnlyForDeploymentPostprocessing = 0;
		};
		9669EA172A6F0965006382AB /* Sources */ = {
			isa = PBXSourcesBuildPhase;
			buildActionMask = 2147483647;
			files = (
				9669EA202A6F0965006382AB /* TMDBUITests.swift in Sources */,
				9669EA222A6F0965006382AB /* TMDBUITestsLaunchTests.swift in Sources */,
			);
			runOnlyForDeploymentPostprocessing = 0;
		};
/* End PBXSourcesBuildPhase section */

/* Begin PBXTargetDependency section */
		9669EA132A6F0965006382AB /* PBXTargetDependency */ = {
			isa = PBXTargetDependency;
			target = 9669E9FA2A6F0963006382AB /* TMDB */;
			targetProxy = 9669EA122A6F0965006382AB /* PBXContainerItemProxy */;
		};
		9669EA1D2A6F0965006382AB /* PBXTargetDependency */ = {
			isa = PBXTargetDependency;
			target = 9669E9FA2A6F0963006382AB /* TMDB */;
			targetProxy = 9669EA1C2A6F0965006382AB /* PBXContainerItemProxy */;
		};
/* End PBXTargetDependency section */

/* Begin PBXVariantGroup section */
		9669EA092A6F0964006382AB /* LaunchScreen.storyboard */ = {
			isa = PBXVariantGroup;
			children = (
				9669EA0A2A6F0964006382AB /* Base */,
			);
			name = LaunchScreen.storyboard;
			sourceTree = "<group>";
		};
/* End PBXVariantGroup section */

/* Begin XCBuildConfiguration section */
		9669EA232A6F0965006382AB /* Debug */ = {
			isa = XCBuildConfiguration;
			buildSettings = {
				ALWAYS_SEARCH_USER_PATHS = NO;
				CLANG_ANALYZER_NONNULL = YES;
				CLANG_ANALYZER_NUMBER_OBJECT_CONVERSION = YES_AGGRESSIVE;
				CLANG_CXX_LANGUAGE_STANDARD = "gnu++20";
				CLANG_ENABLE_MODULES = YES;
				CLANG_ENABLE_OBJC_ARC = YES;
				CLANG_ENABLE_OBJC_WEAK = YES;
				CLANG_WARN_BLOCK_CAPTURE_AUTORELEASING = YES;
				CLANG_WARN_BOOL_CONVERSION = YES;
				CLANG_WARN_COMMA = YES;
				CLANG_WARN_CONSTANT_CONVERSION = YES;
				CLANG_WARN_DEPRECATED_OBJC_IMPLEMENTATIONS = YES;
				CLANG_WARN_DIRECT_OBJC_ISA_USAGE = YES_ERROR;
				CLANG_WARN_DOCUMENTATION_COMMENTS = YES;
				CLANG_WARN_EMPTY_BODY = YES;
				CLANG_WARN_ENUM_CONVERSION = YES;
				CLANG_WARN_INFINITE_RECURSION = YES;
				CLANG_WARN_INT_CONVERSION = YES;
				CLANG_WARN_NON_LITERAL_NULL_CONVERSION = YES;
				CLANG_WARN_OBJC_IMPLICIT_RETAIN_SELF = YES;
				CLANG_WARN_OBJC_LITERAL_CONVERSION = YES;
				CLANG_WARN_OBJC_ROOT_CLASS = YES_ERROR;
				CLANG_WARN_QUOTED_INCLUDE_IN_FRAMEWORK_HEADER = YES;
				CLANG_WARN_RANGE_LOOP_ANALYSIS = YES;
				CLANG_WARN_STRICT_PROTOTYPES = YES;
				CLANG_WARN_SUSPICIOUS_MOVE = YES;
				CLANG_WARN_UNGUARDED_AVAILABILITY = YES_AGGRESSIVE;
				CLANG_WARN_UNREACHABLE_CODE = YES;
				CLANG_WARN__DUPLICATE_METHOD_MATCH = YES;
				COPY_PHASE_STRIP = NO;
				DEBUG_INFORMATION_FORMAT = dwarf;
				ENABLE_STRICT_OBJC_MSGSEND = YES;
				ENABLE_TESTABILITY = YES;
				GCC_C_LANGUAGE_STANDARD = gnu11;
				GCC_DYNAMIC_NO_PIC = NO;
				GCC_NO_COMMON_BLOCKS = YES;
				GCC_OPTIMIZATION_LEVEL = 0;
				GCC_PREPROCESSOR_DEFINITIONS = (
					"DEBUG=1",
					"$(inherited)",
				);
				GCC_WARN_64_TO_32_BIT_CONVERSION = YES;
				GCC_WARN_ABOUT_RETURN_TYPE = YES_ERROR;
				GCC_WARN_UNDECLARED_SELECTOR = YES;
				GCC_WARN_UNINITIALIZED_AUTOS = YES_AGGRESSIVE;
				GCC_WARN_UNUSED_FUNCTION = YES;
				GCC_WARN_UNUSED_VARIABLE = YES;
				IPHONEOS_DEPLOYMENT_TARGET = 16.4;
				MTL_ENABLE_DEBUG_INFO = INCLUDE_SOURCE;
				MTL_FAST_MATH = YES;
				ONLY_ACTIVE_ARCH = YES;
				SDKROOT = iphoneos;
				SWIFT_ACTIVE_COMPILATION_CONDITIONS = DEBUG;
				SWIFT_OPTIMIZATION_LEVEL = "-Onone";
			};
			name = Debug;
		};
		9669EA242A6F0965006382AB /* Release */ = {
			isa = XCBuildConfiguration;
			buildSettings = {
				ALWAYS_SEARCH_USER_PATHS = NO;
				CLANG_ANALYZER_NONNULL = YES;
				CLANG_ANALYZER_NUMBER_OBJECT_CONVERSION = YES_AGGRESSIVE;
				CLANG_CXX_LANGUAGE_STANDARD = "gnu++20";
				CLANG_ENABLE_MODULES = YES;
				CLANG_ENABLE_OBJC_ARC = YES;
				CLANG_ENABLE_OBJC_WEAK = YES;
				CLANG_WARN_BLOCK_CAPTURE_AUTORELEASING = YES;
				CLANG_WARN_BOOL_CONVERSION = YES;
				CLANG_WARN_COMMA = YES;
				CLANG_WARN_CONSTANT_CONVERSION = YES;
				CLANG_WARN_DEPRECATED_OBJC_IMPLEMENTATIONS = YES;
				CLANG_WARN_DIRECT_OBJC_ISA_USAGE = YES_ERROR;
				CLANG_WARN_DOCUMENTATION_COMMENTS = YES;
				CLANG_WARN_EMPTY_BODY = YES;
				CLANG_WARN_ENUM_CONVERSION = YES;
				CLANG_WARN_INFINITE_RECURSION = YES;
				CLANG_WARN_INT_CONVERSION = YES;
				CLANG_WARN_NON_LITERAL_NULL_CONVERSION = YES;
				CLANG_WARN_OBJC_IMPLICIT_RETAIN_SELF = YES;
				CLANG_WARN_OBJC_LITERAL_CONVERSION = YES;
				CLANG_WARN_OBJC_ROOT_CLASS = YES_ERROR;
				CLANG_WARN_QUOTED_INCLUDE_IN_FRAMEWORK_HEADER = YES;
				CLANG_WARN_RANGE_LOOP_ANALYSIS = YES;
				CLANG_WARN_STRICT_PROTOTYPES = YES;
				CLANG_WARN_SUSPICIOUS_MOVE = YES;
				CLANG_WARN_UNGUARDED_AVAILABILITY = YES_AGGRESSIVE;
				CLANG_WARN_UNREACHABLE_CODE = YES;
				CLANG_WARN__DUPLICATE_METHOD_MATCH = YES;
				COPY_PHASE_STRIP = NO;
				DEBUG_INFORMATION_FORMAT = "dwarf-with-dsym";
				ENABLE_NS_ASSERTIONS = NO;
				ENABLE_STRICT_OBJC_MSGSEND = YES;
				GCC_C_LANGUAGE_STANDARD = gnu11;
				GCC_NO_COMMON_BLOCKS = YES;
				GCC_WARN_64_TO_32_BIT_CONVERSION = YES;
				GCC_WARN_ABOUT_RETURN_TYPE = YES_ERROR;
				GCC_WARN_UNDECLARED_SELECTOR = YES;
				GCC_WARN_UNINITIALIZED_AUTOS = YES_AGGRESSIVE;
				GCC_WARN_UNUSED_FUNCTION = YES;
				GCC_WARN_UNUSED_VARIABLE = YES;
				IPHONEOS_DEPLOYMENT_TARGET = 16.4;
				MTL_ENABLE_DEBUG_INFO = NO;
				MTL_FAST_MATH = YES;
				SDKROOT = iphoneos;
				SWIFT_COMPILATION_MODE = wholemodule;
				SWIFT_OPTIMIZATION_LEVEL = "-O";
				VALIDATE_PRODUCT = YES;
			};
			name = Release;
		};
		9669EA262A6F0965006382AB /* Debug */ = {
			isa = XCBuildConfiguration;
			buildSettings = {
				ASSETCATALOG_COMPILER_APPICON_NAME = AppIcon;
				ASSETCATALOG_COMPILER_GLOBAL_ACCENT_COLOR_NAME = AccentColor;
				CODE_SIGN_STYLE = Automatic;
				CURRENT_PROJECT_VERSION = 1;
				DEVELOPMENT_TEAM = NDK5ZR6QD5;
				GENERATE_INFOPLIST_FILE = YES;
				INFOPLIST_FILE = TMDB/Info.plist;
				INFOPLIST_KEY_UIApplicationSupportsIndirectInputEvents = YES;
				INFOPLIST_KEY_UILaunchStoryboardName = LaunchScreen;
				INFOPLIST_KEY_UISupportedInterfaceOrientations_iPad = "UIInterfaceOrientationPortrait UIInterfaceOrientationPortraitUpsideDown UIInterfaceOrientationLandscapeLeft UIInterfaceOrientationLandscapeRight";
				INFOPLIST_KEY_UISupportedInterfaceOrientations_iPhone = "UIInterfaceOrientationPortrait UIInterfaceOrientationLandscapeLeft UIInterfaceOrientationLandscapeRight";
				IPHONEOS_DEPLOYMENT_TARGET = 15.6;
				LD_RUNPATH_SEARCH_PATHS = (
					"$(inherited)",
					"@executable_path/Frameworks",
				);
				MARKETING_VERSION = 1.0;
				PRODUCT_BUNDLE_IDENTIFIER = Personal.TMDB;
				PRODUCT_NAME = "$(TARGET_NAME)";
				SWIFT_EMIT_LOC_STRINGS = YES;
				SWIFT_VERSION = 5.0;
				TARGETED_DEVICE_FAMILY = "1,2";
			};
			name = Debug;
		};
		9669EA272A6F0965006382AB /* Release */ = {
			isa = XCBuildConfiguration;
			buildSettings = {
				ASSETCATALOG_COMPILER_APPICON_NAME = AppIcon;
				ASSETCATALOG_COMPILER_GLOBAL_ACCENT_COLOR_NAME = AccentColor;
				CODE_SIGN_STYLE = Automatic;
				CURRENT_PROJECT_VERSION = 1;
				DEVELOPMENT_TEAM = NDK5ZR6QD5;
				GENERATE_INFOPLIST_FILE = YES;
				INFOPLIST_FILE = TMDB/Info.plist;
				INFOPLIST_KEY_UIApplicationSupportsIndirectInputEvents = YES;
				INFOPLIST_KEY_UILaunchStoryboardName = LaunchScreen;
				INFOPLIST_KEY_UISupportedInterfaceOrientations_iPad = "UIInterfaceOrientationPortrait UIInterfaceOrientationPortraitUpsideDown UIInterfaceOrientationLandscapeLeft UIInterfaceOrientationLandscapeRight";
				INFOPLIST_KEY_UISupportedInterfaceOrientations_iPhone = "UIInterfaceOrientationPortrait UIInterfaceOrientationLandscapeLeft UIInterfaceOrientationLandscapeRight";
				IPHONEOS_DEPLOYMENT_TARGET = 15.6;
				LD_RUNPATH_SEARCH_PATHS = (
					"$(inherited)",
					"@executable_path/Frameworks",
				);
				MARKETING_VERSION = 1.0;
				PRODUCT_BUNDLE_IDENTIFIER = Personal.TMDB;
				PRODUCT_NAME = "$(TARGET_NAME)";
				SWIFT_EMIT_LOC_STRINGS = YES;
				SWIFT_VERSION = 5.0;
				TARGETED_DEVICE_FAMILY = "1,2";
			};
			name = Release;
		};
		9669EA292A6F0965006382AB /* Debug */ = {
			isa = XCBuildConfiguration;
			buildSettings = {
				ALWAYS_EMBED_SWIFT_STANDARD_LIBRARIES = YES;
				BUNDLE_LOADER = "$(TEST_HOST)";
				CODE_SIGN_STYLE = Automatic;
				CURRENT_PROJECT_VERSION = 1;
				DEVELOPMENT_TEAM = NDK5ZR6QD5;
				GENERATE_INFOPLIST_FILE = YES;
				IPHONEOS_DEPLOYMENT_TARGET = 16.4;
				MARKETING_VERSION = 1.0;
				PRODUCT_BUNDLE_IDENTIFIER = Personal.TMDBTests;
				PRODUCT_NAME = "$(TARGET_NAME)";
				SWIFT_EMIT_LOC_STRINGS = NO;
				SWIFT_VERSION = 5.0;
				TARGETED_DEVICE_FAMILY = "1,2";
				TEST_HOST = "$(BUILT_PRODUCTS_DIR)/TMDB.app/$(BUNDLE_EXECUTABLE_FOLDER_PATH)/TMDB";
			};
			name = Debug;
		};
		9669EA2A2A6F0965006382AB /* Release */ = {
			isa = XCBuildConfiguration;
			buildSettings = {
				ALWAYS_EMBED_SWIFT_STANDARD_LIBRARIES = YES;
				BUNDLE_LOADER = "$(TEST_HOST)";
				CODE_SIGN_STYLE = Automatic;
				CURRENT_PROJECT_VERSION = 1;
				DEVELOPMENT_TEAM = NDK5ZR6QD5;
				GENERATE_INFOPLIST_FILE = YES;
				IPHONEOS_DEPLOYMENT_TARGET = 16.4;
				MARKETING_VERSION = 1.0;
				PRODUCT_BUNDLE_IDENTIFIER = Personal.TMDBTests;
				PRODUCT_NAME = "$(TARGET_NAME)";
				SWIFT_EMIT_LOC_STRINGS = NO;
				SWIFT_VERSION = 5.0;
				TARGETED_DEVICE_FAMILY = "1,2";
				TEST_HOST = "$(BUILT_PRODUCTS_DIR)/TMDB.app/$(BUNDLE_EXECUTABLE_FOLDER_PATH)/TMDB";
			};
			name = Release;
		};
		9669EA2C2A6F0965006382AB /* Debug */ = {
			isa = XCBuildConfiguration;
			buildSettings = {
				ALWAYS_EMBED_SWIFT_STANDARD_LIBRARIES = YES;
				CODE_SIGN_STYLE = Automatic;
				CURRENT_PROJECT_VERSION = 1;
				DEVELOPMENT_TEAM = NDK5ZR6QD5;
				GENERATE_INFOPLIST_FILE = YES;
				MARKETING_VERSION = 1.0;
				PRODUCT_BUNDLE_IDENTIFIER = Personal.TMDBUITests;
				PRODUCT_NAME = "$(TARGET_NAME)";
				SWIFT_EMIT_LOC_STRINGS = NO;
				SWIFT_VERSION = 5.0;
				TARGETED_DEVICE_FAMILY = "1,2";
				TEST_TARGET_NAME = TMDB;
			};
			name = Debug;
		};
		9669EA2D2A6F0965006382AB /* Release */ = {
			isa = XCBuildConfiguration;
			buildSettings = {
				ALWAYS_EMBED_SWIFT_STANDARD_LIBRARIES = YES;
				CODE_SIGN_STYLE = Automatic;
				CURRENT_PROJECT_VERSION = 1;
				DEVELOPMENT_TEAM = NDK5ZR6QD5;
				GENERATE_INFOPLIST_FILE = YES;
				MARKETING_VERSION = 1.0;
				PRODUCT_BUNDLE_IDENTIFIER = Personal.TMDBUITests;
				PRODUCT_NAME = "$(TARGET_NAME)";
				SWIFT_EMIT_LOC_STRINGS = NO;
				SWIFT_VERSION = 5.0;
				TARGETED_DEVICE_FAMILY = "1,2";
				TEST_TARGET_NAME = TMDB;
			};
			name = Release;
		};
/* End XCBuildConfiguration section */

/* Begin XCConfigurationList section */
		9669E9F62A6F0963006382AB /* Build configuration list for PBXProject "TMDB" */ = {
			isa = XCConfigurationList;
			buildConfigurations = (
				9669EA232A6F0965006382AB /* Debug */,
				9669EA242A6F0965006382AB /* Release */,
			);
			defaultConfigurationIsVisible = 0;
			defaultConfigurationName = Release;
		};
		9669EA252A6F0965006382AB /* Build configuration list for PBXNativeTarget "TMDB" */ = {
			isa = XCConfigurationList;
			buildConfigurations = (
				9669EA262A6F0965006382AB /* Debug */,
				9669EA272A6F0965006382AB /* Release */,
			);
			defaultConfigurationIsVisible = 0;
			defaultConfigurationName = Release;
		};
		9669EA282A6F0965006382AB /* Build configuration list for PBXNativeTarget "TMDBTests" */ = {
			isa = XCConfigurationList;
			buildConfigurations = (
				9669EA292A6F0965006382AB /* Debug */,
				9669EA2A2A6F0965006382AB /* Release */,
			);
			defaultConfigurationIsVisible = 0;
			defaultConfigurationName = Release;
		};
		9669EA2B2A6F0965006382AB /* Build configuration list for PBXNativeTarget "TMDBUITests" */ = {
			isa = XCConfigurationList;
			buildConfigurations = (
				9669EA2C2A6F0965006382AB /* Debug */,
				9669EA2D2A6F0965006382AB /* Release */,
			);
			defaultConfigurationIsVisible = 0;
			defaultConfigurationName = Release;
		};
/* End XCConfigurationList section */
	};
	rootObject = 9669E9F32A6F0963006382AB /* Project object */;
}
